Microsoft Visual Studio Solution File, Format Version 12.00
# Visual Studio Version 17
VisualStudioVersion = 17.5.2.0
MinimumVisualStudioVersion = 10.0.40219.1
Project("{FAE04EC0-301F-11D3-BF4B-00C04F79EFBC}") = "CodingTracker.luc-me", "CodingTracker.luc-me.csproj", "{C378C5B7-526F-17F7-5576-40B8D71F9B87}"
EndProject
Global
	GlobalSection(SolutionConfigurationPlatforms) = preSolution
		Debug|Any CPU = Debug|Any CPU
		Release|Any CPU = Release|Any CPU
	EndGlobalSection
	GlobalSection(ProjectConfigurationPlatforms) = postSolution
		{C378C5B7-526F-17F7-5576-40B8D71F9B87}.Debug|Any CPU.ActiveCfg = Debug|Any CPU
		{C378C5B7-526F-17F7-5576-40B8D71F9B87}.Debug|Any CPU.Build.0 = Debug|Any CPU
		{C378C5B7-526F-17F7-5576-40B8D71F9B87}.Release|Any CPU.ActiveCfg = Release|Any CPU
		{C378C5B7-526F-17F7-5576-40B8D71F9B87}.Release|Any CPU.Build.0 = Release|Any CPU
	EndGlobalSection
	GlobalSection(SolutionProperties) = preSolution
		HideSolutionNode = FALSE
	EndGlobalSection
	GlobalSection(ExtensibilityGlobals) = postSolution
		SolutionGuid = {C83D2359-0419-44C1-A646-4963F8AF5E99}
	EndGlobalSection
EndGlobal
